
Microsoft Visual Studio Solution File, Format Version 12.00
# Visual Studio Version 17
VisualStudioVersion = 17.5.002.0
MinimumVisualStudioVersion = 10.0.40219.1
Project("{2150E333-8FDC-42A3-9474-1A3956D46DE8}") = "csharp-prep", "csharp-prep", "{BD729FC4-FA34-4693-95EF-63461FE4ED6C}"
EndProject
Project("{9A19103F-16F7-4668-BE54-9A1E7A4F7556}") = "Prep1", "csharp-prep\Prep1\Prep1.csproj", "{64A9BAA3-8858-4E41-8E3E-AAAF25514A84}"
EndProject
Project("{9A19103F-16F7-4668-BE54-9A1E7A4F7556}") = "Prep2", "csharp-prep\Prep2\Prep2.csproj", "{8F72A148-70EA-4D99-AEB1-FD871B76C69E}"
EndProject
Project("{9A19103F-16F7-4668-BE54-9A1E7A4F7556}") = "Prep3", "csharp-prep\Prep3\Prep3.csproj", "{3AA14B8D-32EC-4C0F-8B6B-4B114980D9A1}"
EndProject
Project("{9A19103F-16F7-4668-BE54-9A1E7A4F7556}") = "Prep4", "csharp-prep\Prep4\Prep4.csproj", "{511FAB81-E839-41A2-8D5D-8524F2BFE609}"
EndProject
Project("{9A19103F-16F7-4668-BE54-9A1E7A4F7556}") = "Prep5", "csharp-prep\Prep5\Prep5.csproj", "{D54DFB4E-B876-46C8-A6F9-978503D229EF}"
EndProject
Project("{2150E333-8FDC-42A3-9474-1A3956D46DE8}") = "final", "final", "{586A1F1B-FB34-4EC7-A059-23AFC24113C3}"
EndProject
Project("{9A19103F-16F7-4668-BE54-9A1E7A4F7556}") = "FinalProject", "final\FinalProject\FinalProject.csproj", "{8293487D-4B5F-49F4-A776-F83B84D04C16}"
EndProject
Project("{9A19103F-16F7-4668-BE54-9A1E7A4F7556}") = "Foundation1", "final\Foundation1\Foundation1.csproj", "{5FAC30AA-DC7A-4F21-A9B4-B476C8422F2F}"
EndProject
Project("{9A19103F-16F7-4668-BE54-9A1E7A4F7556}") = "Foundation2", "final\Foundation2\Foundation2.csproj", "{B35BE11D-5014-49C2-A6F5-97760F96A402}"
EndProject
Project("{9A19103F-16F7-4668-BE54-9A1E7A4F7556}") = "Foundation3", "final\Foundation3\Foundation3.csproj", "{71383FAC-EA67-45D1-8780-7A277FB2F54B}"
EndProject
Project("{9A19103F-16F7-4668-BE54-9A1E7A4F7556}") = "Foundation4", "final\Foundation4\Foundation4.csproj", "{BCF24DF4-5023-4D9E-9C62-6F585E13D70F}"
EndProject
Project("{2150E333-8FDC-42A3-9474-1A3956D46DE8}") = "prepare", "prepare", "{F2D3E1C3-91AE-4C06-A411-45B4FA29B82C}"
EndProject
Project("{9A19103F-16F7-4668-BE54-9A1E7A4F7556}") = "Learning02", "prepare\Learning02\Learning02.csproj", "{EF45A664-D768-469B-A7C2-1F2BCD081B3C}"
EndProject
Project("{9A19103F-16F7-4668-BE54-9A1E7A4F7556}") = "Learning03", "prepare\Learning03\Learning03.csproj", "{CF437135-AFAC-4232-92F0-BA3F0E2A5929}"
EndProject
Project("{9A19103F-16F7-4668-BE54-9A1E7A4F7556}") = "Learning04", "prepare\Learning04\Learning04.csproj", "{C7379A0A-84EB-4D4A-A9E3-AE9FF78BF2F3}"
EndProject
Project("{9A19103F-16F7-4668-BE54-9A1E7A4F7556}") = "Learning05", "prepare\Learning05\Learning05.csproj", "{55A02654-3147-4BBF-812C-FD89F6B666E5}"
EndProject
Project("{2150E333-8FDC-42A3-9474-1A3956D46DE8}") = "prove", "prove", "{49374310-16BC-4D50-9E13-27099BFBB52B}"
EndProject
Project("{9A19103F-16F7-4668-BE54-9A1E7A4F7556}") = "Develop02", "prove\Develop02\Develop02.csproj", "{DFF6E68D-3C6D-4197-9394-A1C537F3D15B}"
EndProject
Project("{9A19103F-16F7-4668-BE54-9A1E7A4F7556}") = "Develop03", "prove\Develop03\Develop03.csproj", "{8A6F5324-E2C5-4D5F-9E5F-EA09AC79B60A}"
EndProject
Project("{9A19103F-16F7-4668-BE54-9A1E7A4F7556}") = "Develop04", "prove\Develop04\Develop04.csproj", "{26DEF879-0C78-48D4-B4EB-3DF57B7F1786}"
EndProject
Project("{9A19103F-16F7-4668-BE54-9A1E7A4F7556}") = "Develop05", "prove\Develop05\Develop05.csproj", "{AE942C73-CBF5-4D66-B390-F3D63F595845}"
EndProject
Project("{2150E333-8FDC-42A3-9474-1A3956D46DE8}") = "sandbox", "sandbox", "{3C8D4F42-FF35-47B3-863E-5983EFD61923}"
EndProject
Project("{9A19103F-16F7-4668-BE54-9A1E7A4F7556}") = "Sandbox", "sandbox\Sandbox\Sandbox.csproj", "{2268FC60-72A9-46F0-AC0B-E2EE4E25037A}"
EndProject
Global
	GlobalSection(SolutionConfigurationPlatforms) = preSolution
		Debug|Any CPU = Debug|Any CPU
		Release|Any CPU = Release|Any CPU
	EndGlobalSection
	GlobalSection(ProjectConfigurationPlatforms) = postSolution
		{64A9BAA3-8858-4E41-8E3E-AAAF25514A84}.Debug|Any CPU.ActiveCfg = Debug|Any CPU
		{64A9BAA3-8858-4E41-8E3E-AAAF25514A84}.Debug|Any CPU.Build.0 = Debug|Any CPU
		{64A9BAA3-8858-4E41-8E3E-AAAF25514A84}.Release|Any CPU.ActiveCfg = Release|Any CPU
		{64A9BAA3-8858-4E41-8E3E-AAAF25514A84}.Release|Any CPU.Build.0 = Release|Any CPU
		{8F72A148-70EA-4D99-AEB1-FD871B76C69E}.Debug|Any CPU.ActiveCfg = Debug|Any CPU
		{8F72A148-70EA-4D99-AEB1-FD871B76C69E}.Debug|Any CPU.Build.0 = Debug|Any CPU
		{8F72A148-70EA-4D99-AEB1-FD871B76C69E}.Release|Any CPU.ActiveCfg = Release|Any CPU
		{8F72A148-70EA-4D99-AEB1-FD871B76C69E}.Release|Any CPU.Build.0 = Release|Any CPU
		{3AA14B8D-32EC-4C0F-8B6B-4B114980D9A1}.Debug|Any CPU.ActiveCfg = Debug|Any CPU
		{3AA14B8D-32EC-4C0F-8B6B-4B114980D9A1}.Debug|Any CPU.Build.0 = Debug|Any CPU
		{3AA14B8D-32EC-4C0F-8B6B-4B114980D9A1}.Release|Any CPU.ActiveCfg = Release|Any CPU
		{3AA14B8D-32EC-4C0F-8B6B-4B114980D9A1}.Release|Any CPU.Build.0 = Release|Any CPU
		{511FAB81-E839-41A2-8D5D-8524F2BFE609}.Debug|Any CPU.ActiveCfg = Debug|Any CPU
		{511FAB81-E839-41A2-8D5D-8524F2BFE609}.Debug|Any CPU.Build.0 = Debug|Any CPU
		{511FAB81-E839-41A2-8D5D-8524F2BFE609}.Release|Any CPU.ActiveCfg = Release|Any CPU
		{511FAB81-E839-41A2-8D5D-8524F2BFE609}.Release|Any CPU.Build.0 = Release|Any CPU
		{D54DFB4E-B876-46C8-A6F9-978503D229EF}.Debug|Any CPU.ActiveCfg = Debug|Any CPU
		{D54DFB4E-B876-46C8-A6F9-978503D229EF}.Debug|Any CPU.Build.0 = Debug|Any CPU
		{D54DFB4E-B876-46C8-A6F9-978503D229EF}.Release|Any CPU.ActiveCfg = Release|Any CPU
		{D54DFB4E-B876-46C8-A6F9-978503D229EF}.Release|Any CPU.Build.0 = Release|Any CPU
		{8293487D-4B5F-49F4-A776-F83B84D04C16}.Debug|Any CPU.ActiveCfg = Debug|Any CPU
		{8293487D-4B5F-49F4-A776-F83B84D04C16}.Debug|Any CPU.Build.0 = Debug|Any CPU
		{8293487D-4B5F-49F4-A776-F83B84D04C16}.Release|Any CPU.ActiveCfg = Release|Any CPU
		{8293487D-4B5F-49F4-A776-F83B84D04C16}.Release|Any CPU.Build.0 = Release|Any CPU
		{5FAC30AA-DC7A-4F21-A9B4-B476C8422F2F}.Debug|Any CPU.ActiveCfg = Debug|Any CPU
		{5FAC30AA-DC7A-4F21-A9B4-B476C8422F2F}.Debug|Any CPU.Build.0 = Debug|Any CPU
		{5FAC30AA-DC7A-4F21-A9B4-B476C8422F2F}.Release|Any CPU.ActiveCfg = Release|Any CPU
		{5FAC30AA-DC7A-4F21-A9B4-B476C8422F2F}.Release|Any CPU.Build.0 = Release|Any CPU
		{B35BE11D-5014-49C2-A6F5-97760F96A402}.Debug|Any CPU.ActiveCfg = Debug|Any CPU
		{B35BE11D-5014-49C2-A6F5-97760F96A402}.Debug|Any CPU.Build.0 = Debug|Any CPU
		{B35BE11D-5014-49C2-A6F5-97760F96A402}.Release|Any CPU.ActiveCfg = Release|Any CPU
		{B35BE11D-5014-49C2-A6F5-97760F96A402}.Release|Any CPU.Build.0 = Release|Any CPU
		{71383FAC-EA67-45D1-8780-7A277FB2F54B}.Debug|Any CPU.ActiveCfg = Debug|Any CPU
		{71383FAC-EA67-45D1-8780-7A277FB2F54B}.Debug|Any CPU.Build.0 = Debug|Any CPU
		{71383FAC-EA67-45D1-8780-7A277FB2F54B}.Release|Any CPU.ActiveCfg = Release|Any CPU
		{71383FAC-EA67-45D1-8780-7A277FB2F54B}.Release|Any CPU.Build.0 = Release|Any CPU
		{BCF24DF4-5023-4D9E-9C62-6F585E13D70F}.Debug|Any CPU.ActiveCfg = Debug|Any CPU
		{BCF24DF4-5023-4D9E-9C62-6F585E13D70F}.Debug|Any CPU.Build.0 = Debug|Any CPU
		{BCF24DF4-5023-4D9E-9C62-6F585E13D70F}.Release|Any CPU.ActiveCfg = Release|Any CPU
		{BCF24DF4-5023-4D9E-9C62-6F585E13D70F}.Release|Any CPU.Build.0 = Release|Any CPU
		{EF45A664-D768-469B-A7C2-1F2BCD081B3C}.Debug|Any CPU.ActiveCfg = Debug|Any CPU
		{EF45A664-D768-469B-A7C2-1F2BCD081B3C}.Debug|Any CPU.Build.0 = Debug|Any CPU
		{EF45A664-D768-469B-A7C2-1F2BCD081B3C}.Release|Any CPU.ActiveCfg = Release|Any CPU
		{EF45A664-D768-469B-A7C2-1F2BCD081B3C}.Release|Any CPU.Build.0 = Release|Any CPU
		{CF437135-AFAC-4232-92F0-BA3F0E2A5929}.Debug|Any CPU.ActiveCfg = Debug|Any CPU
		{CF437135-AFAC-4232-92F0-BA3F0E2A5929}.Debug|Any CPU.Build.0 = Debug|Any CPU
		{CF437135-AFAC-4232-92F0-BA3F0E2A5929}.Release|Any CPU.ActiveCfg = Release|Any CPU
		{CF437135-AFAC-4232-92F0-BA3F0E2A5929}.Release|Any CPU.Build.0 = Release|Any CPU
		{C7379A0A-84EB-4D4A-A9E3-AE9FF78BF2F3}.Debug|Any CPU.ActiveCfg = Debug|Any CPU
		{C7379A0A-84EB-4D4A-A9E3-AE9FF78BF2F3}.Debug|Any CPU.Build.0 = Debug|Any CPU
		{C7379A0A-84EB-4D4A-A9E3-AE9FF78BF2F3}.Release|Any CPU.ActiveCfg = Release|Any CPU
		{C7379A0A-84EB-4D4A-A9E3-AE9FF78BF2F3}.Release|Any CPU.Build.0 = Release|Any CPU
		{55A02654-3147-4BBF-812C-FD89F6B666E5}.Debug|Any CPU.ActiveCfg = Debug|Any CPU
		{55A02654-3147-4BBF-812C-FD89F6B666E5}.Debug|Any CPU.Build.0 = Debug|Any CPU
		{55A02654-3147-4BBF-812C-FD89F6B666E5}.Release|Any CPU.ActiveCfg = Release|Any CPU
		{55A02654-3147-4BBF-812C-FD89F6B666E5}.Release|Any CPU.Build.0 = Release|Any CPU
		{DFF6E68D-3C6D-4197-9394-A1C537F3D15B}.Debug|Any CPU.ActiveCfg = Debug|Any CPU
		{DFF6E68D-3C6D-4197-9394-A1C537F3D15B}.Debug|Any CPU.Build.0 = Debug|Any CPU
		{DFF6E68D-3C6D-4197-9394-A1C537F3D15B}.Release|Any CPU.ActiveCfg = Release|Any CPU
		{DFF6E68D-3C6D-4197-9394-A1C537F3D15B}.Release|Any CPU.Build.0 = Release|Any CPU
		{8A6F5324-E2C5-4D5F-9E5F-EA09AC79B60A}.Debug|Any CPU.ActiveCfg = Debug|Any CPU
		{8A6F5324-E2C5-4D5F-9E5F-EA09AC79B60A}.Debug|Any CPU.Build.0 = Debug|Any CPU
		{8A6F5324-E2C5-4D5F-9E5F-EA09AC79B60A}.Release|Any CPU.ActiveCfg = Release|Any CPU
		{8A6F5324-E2C5-4D5F-9E5F-EA09AC79B60A}.Release|Any CPU.Build.0 = Release|Any CPU
		{26DEF879-0C78-48D4-B4EB-3DF57B7F1786}.Debug|Any CPU.ActiveCfg = Debug|Any CPU
		{26DEF879-0C78-48D4-B4EB-3DF57B7F1786}.Debug|Any CPU.Build.0 = Debug|Any CPU
		{26DEF879-0C78-48D4-B4EB-3DF57B7F1786}.Release|Any CPU.ActiveCfg = Release|Any CPU
		{26DEF879-0C78-48D4-B4EB-3DF57B7F1786}.Release|Any CPU.Build.0 = Release|Any CPU
		{AE942C73-CBF5-4D66-B390-F3D63F595845}.Debug|Any CPU.ActiveCfg = Debug|Any CPU
		{AE942C73-CBF5-4D66-B390-F3D63F595845}.Debug|Any CPU.Build.0 = Debug|Any CPU
		{AE942C73-CBF5-4D66-B390-F3D63F595845}.Release|Any CPU.ActiveCfg = Release|Any CPU
		{AE942C73-CBF5-4D66-B390-F3D63F595845}.Release|Any CPU.Build.0 = Release|Any CPU
		{2268FC60-72A9-46F0-AC0B-E2EE4E25037A}.Debug|Any CPU.ActiveCfg = Debug|Any CPU
		{2268FC60-72A9-46F0-AC0B-E2EE4E25037A}.Debug|Any CPU.Build.0 = Debug|Any CPU
		{2268FC60-72A9-46F0-AC0B-E2EE4E25037A}.Release|Any CPU.ActiveCfg = Release|Any CPU
		{2268FC60-72A9-46F0-AC0B-E2EE4E25037A}.Release|Any CPU.Build.0 = Release|Any CPU
	EndGlobalSection
	GlobalSection(SolutionProperties) = preSolution
		HideSolutionNode = FALSE
	EndGlobalSection
	GlobalSection(NestedProjects) = preSolution
		{64A9BAA3-8858-4E41-8E3E-AAAF25514A84} = {BD729FC4-FA34-4693-95EF-63461FE4ED6C}
		{8F72A148-70EA-4D99-AEB1-FD871B76C69E} = {BD729FC4-FA34-4693-95EF-63461FE4ED6C}
		{3AA14B8D-32EC-4C0F-8B6B-4B114980D9A1} = {BD729FC4-FA34-4693-95EF-63461FE4ED6C}
		{511FAB81-E839-41A2-8D5D-8524F2BFE609} = {BD729FC4-FA34-4693-95EF-63461FE4ED6C}
		{D54DFB4E-B876-46C8-A6F9-978503D229EF} = {BD729FC4-FA34-4693-95EF-63461FE4ED6C}
		{8293487D-4B5F-49F4-A776-F83B84D04C16} = {586A1F1B-FB34-4EC7-A059-23AFC24113C3}
		{5FAC30AA-DC7A-4F21-A9B4-B476C8422F2F} = {586A1F1B-FB34-4EC7-A059-23AFC24113C3}
		{B35BE11D-5014-49C2-A6F5-97760F96A402} = {586A1F1B-FB34-4EC7-A059-23AFC24113C3}
		{71383FAC-EA67-45D1-8780-7A277FB2F54B} = {586A1F1B-FB34-4EC7-A059-23AFC24113C3}
		{BCF24DF4-5023-4D9E-9C62-6F585E13D70F} = {586A1F1B-FB34-4EC7-A059-23AFC24113C3}
		{EF45A664-D768-469B-A7C2-1F2BCD081B3C} = {F2D3E1C3-91AE-4C06-A411-45B4FA29B82C}
		{CF437135-AFAC-4232-92F0-BA3F0E2A5929} = {F2D3E1C3-91AE-4C06-A411-45B4FA29B82C}
		{C7379A0A-84EB-4D4A-A9E3-AE9FF78BF2F3} = {F2D3E1C3-91AE-4C06-A411-45B4FA29B82C}
		{55A02654-3147-4BBF-812C-FD89F6B666E5} = {F2D3E1C3-91AE-4C06-A411-45B4FA29B82C}
		{DFF6E68D-3C6D-4197-9394-A1C537F3D15B} = {49374310-16BC-4D50-9E13-27099BFBB52B}
		{8A6F5324-E2C5-4D5F-9E5F-EA09AC79B60A} = {49374310-16BC-4D50-9E13-27099BFBB52B}
		{26DEF879-0C78-48D4-B4EB-3DF57B7F1786} = {49374310-16BC-4D50-9E13-27099BFBB52B}
		{AE942C73-CBF5-4D66-B390-F3D63F595845} = {49374310-16BC-4D50-9E13-27099BFBB52B}
		{2268FC60-72A9-46F0-AC0B-E2EE4E25037A} = {3C8D4F42-FF35-47B3-863E-5983EFD61923}
	EndGlobalSection
	GlobalSection(ExtensibilityGlobals) = postSolution
		SolutionGuid = {869F862F-E1EE-4322-A1D9-A70ED21157D3}
	EndGlobalSection
EndGlobal
